
Microsoft Visual Studio Solution File, Format Version 12.00
# Visual Studio Version 16
VisualStudioVersion = 16.0.31727.386
MinimumVisualStudioVersion = 10.0.40219.1
Project("{8BC9CEB8-8B4A-11D0-8D11-00A0C91BC942}") = "data_structure1", "data_structure1.vcxproj", "{38639D1C-2727-468C-B0F8-667EAAFA9D36}"
EndProject
Global
	GlobalSection(SolutionConfigurationPlatforms) = preSolution
		Debug|x64 = Debug|x64
		Debug|x86 = Debug|x86
		Release|x64 = Release|x64
		Release|x86 = Release|x86
	EndGlobalSection
	GlobalSection(ProjectConfigurationPlatforms) = postSolution
		{38639D1C-2727-468C-B0F8-667EAAFA9D36}.Debug|x64.ActiveCfg = Debug|x64
		{38639D1C-2727-468C-B0F8-667EAAFA9D36}.Debug|x64.Build.0 = Debug|x64
		{38639D1C-2727-468C-B0F8-667EAAFA9D36}.Debug|x86.ActiveCfg = Debug|Win32
		{38639D1C-2727-468C-B0F8-667EAAFA9D36}.Debug|x86.Build.0 = Debug|Win32
		{38639D1C-2727-468C-B0F8-667EAAFA9D36}.Release|x64.ActiveCfg = Release|x64
		{38639D1C-2727-468C-B0F8-667EAAFA9D36}.Release|x64.Build.0 = Release|x64
		{38639D1C-2727-468C-B0F8-667EAAFA9D36}.Release|x86.ActiveCfg = Release|Win32
		{38639D1C-2727-468C-B0F8-667EAAFA9D36}.Release|x86.Build.0 = Release|Win32
	EndGlobalSection
	GlobalSection(SolutionProperties) = preSolution
		HideSolutionNode = FALSE
	EndGlobalSection
	GlobalSection(ExtensibilityGlobals) = postSolution
		SolutionGuid = {7D4B0F98-820A-463A-A286-840B6DC53EBD}
	EndGlobalSection
EndGlobal
